
Microsoft Visual Studio Solution File, Format Version 12.00
# Visual Studio 2012
Project("{FAE04EC0-301F-11D3-BF4B-00C04F79EFBC}") = "Reyx.SocketChat.Website", "Reyx.SocketChat.Website\Reyx.SocketChat.Website.csproj", "{B9C20E91-59C4-4D88-A69D-F6675D08B7D8}"
EndProject
Project("{FAE04EC0-301F-11D3-BF4B-00C04F79EFBC}") = "Reyx.SocketChat.Static", "Reyx.SocketChat.Static\Reyx.SocketChat.Static.csproj", "{B44C03F9-8B38-4968-9A09-F4563734386B}"
EndProject
Global
	GlobalSection(SolutionConfigurationPlatforms) = preSolution
		Debug|Any CPU = Debug|Any CPU
		Release|Any CPU = Release|Any CPU
	EndGlobalSection
	GlobalSection(ProjectConfigurationPlatforms) = postSolution
		{B9C20E91-59C4-4D88-A69D-F6675D08B7D8}.Debug|Any CPU.ActiveCfg = Debug|Any CPU
		{B9C20E91-59C4-4D88-A69D-F6675D08B7D8}.Debug|Any CPU.Build.0 = Debug|Any CPU
		{B9C20E91-59C4-4D88-A69D-F6675D08B7D8}.Release|Any CPU.ActiveCfg = Release|Any CPU
		{B9C20E91-59C4-4D88-A69D-F6675D08B7D8}.Release|Any CPU.Build.0 = Release|Any CPU
		{B44C03F9-8B38-4968-9A09-F4563734386B}.Debug|Any CPU.ActiveCfg = Debug|Any CPU
		{B44C03F9-8B38-4968-9A09-F4563734386B}.Debug|Any CPU.Build.0 = Debug|Any CPU
		{B44C03F9-8B38-4968-9A09-F4563734386B}.Release|Any CPU.ActiveCfg = Release|Any CPU
		{B44C03F9-8B38-4968-9A09-F4563734386B}.Release|Any CPU.Build.0 = Release|Any CPU
	EndGlobalSection
	GlobalSection(SolutionProperties) = preSolution
		HideSolutionNode = FALSE
	EndGlobalSection
EndGlobal
